// !$*UTF8*$!
{
	archiveVersion = 1;
	classes = {
	};
	objectVersion = 51;
	objects = {

/* Begin PBXBuildFile section */
		97B0F3492606737A0056265E /* AppDelegate.swift in Sources */ = {isa = PBXBuildFile; fileRef = 97B0F3482606737A0056265E /* AppDelegate.swift */; };
		97B0F34B2606737A0056265E /* SceneDelegate.swift in Sources */ = {isa = PBXBuildFile; fileRef = 97B0F34A2606737A0056265E /* SceneDelegate.swift */; };
		97B0F34D2606737A0056265E /* LocationListViewController.swift in Sources */ = {isa = PBXBuildFile; fileRef = 97B0F34C2606737A0056265E /* LocationListViewController.swift */; };
		97B0F3502606737A0056265E /* Main.storyboard in Resources */ = {isa = PBXBuildFile; fileRef = 97B0F34E2606737A0056265E /* Main.storyboard */; };
		97B0F3522606737B0056265E /* Assets.xcassets in Resources */ = {isa = PBXBuildFile; fileRef = 97B0F3512606737B0056265E /* Assets.xcassets */; };
		97B0F3552606737B0056265E /* LaunchScreen.storyboard in Resources */ = {isa = PBXBuildFile; fileRef = 97B0F3532606737B0056265E /* LaunchScreen.storyboard */; };
		97B0F35E260673A40056265E /* WeatherLocation.swift in Sources */ = {isa = PBXBuildFile; fileRef = 97B0F35D260673A40056265E /* WeatherLocation.swift */; };
		97B6FB8E26068DF9001015C8 /* APIKeys.swift in Sources */ = {isa = PBXBuildFile; fileRef = 97B6FB8D26068DF9001015C8 /* APIKeys.swift */; };
		97B6FB952607B268001015C8 /* LocationDetailViewController.swift in Sources */ = {isa = PBXBuildFile; fileRef = 97B6FB942607B268001015C8 /* LocationDetailViewController.swift */; };
		97B6FB992607D22F001015C8 /* PageViewController.swift in Sources */ = {isa = PBXBuildFile; fileRef = 97B6FB982607D22F001015C8 /* PageViewController.swift */; };
		97B6FBA42608F866001015C8 /* WeatherDetail.swift in Sources */ = {isa = PBXBuildFile; fileRef = 97B6FBA32608F866001015C8 /* WeatherDetail.swift */; };
		97D4E8B62610EC1000573956 /* DailyTableViewCell.swift in Sources */ = {isa = PBXBuildFile; fileRef = 97D4E8B52610EC1000573956 /* DailyTableViewCell.swift */; };
		97D4E8B92610F7BB00573956 /* HourlyCollectionViewCell.swift in Sources */ = {isa = PBXBuildFile; fileRef = 97D4E8B82610F7BB00573956 /* HourlyCollectionViewCell.swift */; };
		DCE66759F75CE93049F23AAF /* libPods-WeatherGift.a in Frameworks */ = {isa = PBXBuildFile; fileRef = 3516DCB0A739655A282DD91C /* libPods-WeatherGift.a */; };
/* End PBXBuildFile section */

/* Begin PBXFileReference section */
		2B6BC2CB4AF59E2C606B9887 /* Pods-WeatherGift.release.xcconfig */ = {isa = PBXFileReference; includeInIndex = 1; lastKnownFileType = text.xcconfig; name = "Pods-WeatherGift.release.xcconfig"; path = "Target Support Files/Pods-WeatherGift/Pods-WeatherGift.release.xcconfig"; sourceTree = "<group>"; };
		3516DCB0A739655A282DD91C /* libPods-WeatherGift.a */ = {isa = PBXFileReference; explicitFileType = archive.ar; includeInIndex = 0; path = "libPods-WeatherGift.a"; sourceTree = BUILT_PRODUCTS_DIR; };
		97B0F3452606737A0056265E /* WeatherGift.app */ = {isa = PBXFileReference; explicitFileType = wrapper.application; includeInIndex = 0; path = WeatherGift.app; sourceTree = BUILT_PRODUCTS_DIR; };
		97B0F3482606737A0056265E /* AppDelegate.swift */ = {isa = PBXFileReference; lastKnownFileType = sourcecode.swift; path = AppDelegate.swift; sourceTree = "<group>"; };
		97B0F34A2606737A0056265E /* SceneDelegate.swift */ = {isa = PBXFileReference; lastKnownFileType = sourcecode.swift; path = SceneDelegate.swift; sourceTree = "<group>"; };
		97B0F34C2606737A0056265E /* LocationListViewController.swift */ = {isa = PBXFileReference; lastKnownFileType = sourcecode.swift; path = LocationListViewController.swift; sourceTree = "<group>"; };
		97B0F34F2606737A0056265E /* Base */ = {isa = PBXFileReference; lastKnownFileType = file.storyboard; name = Base; path = Base.lproj/Main.storyboard; sourceTree = "<group>"; };
		97B0F3512606737B0056265E /* Assets.xcassets */ = {isa = PBXFileReference; lastKnownFileType = folder.assetcatalog; path = Assets.xcassets; sourceTree = "<group>"; };
		97B0F3542606737B0056265E /* Base */ = {isa = PBXFileReference; lastKnownFileType = file.storyboard; name = Base; path = Base.lproj/LaunchScreen.storyboard; sourceTree = "<group>"; };
		97B0F3562606737B0056265E /* Info.plist */ = {isa = PBXFileReference; lastKnownFileType = text.plist.xml; path = Info.plist; sourceTree = "<group>"; };
		97B0F35D260673A40056265E /* WeatherLocation.swift */ = {isa = PBXFileReference; lastKnownFileType = sourcecode.swift; path = WeatherLocation.swift; sourceTree = "<group>"; };
		97B6FB8D26068DF9001015C8 /* APIKeys.swift */ = {isa = PBXFileReference; lastKnownFileType = sourcecode.swift; path = APIKeys.swift; sourceTree = "<group>"; };
		97B6FB942607B268001015C8 /* LocationDetailViewController.swift */ = {isa = PBXFileReference; lastKnownFileType = sourcecode.swift; path = LocationDetailViewController.swift; sourceTree = "<group>"; };
		97B6FB982607D22F001015C8 /* PageViewController.swift */ = {isa = PBXFileReference; lastKnownFileType = sourcecode.swift; path = PageViewController.swift; sourceTree = "<group>"; };
		97B6FBA32608F866001015C8 /* WeatherDetail.swift */ = {isa = PBXFileReference; lastKnownFileType = sourcecode.swift; path = WeatherDetail.swift; sourceTree = "<group>"; };
		97D4E8B52610EC1000573956 /* DailyTableViewCell.swift */ = {isa = PBXFileReference; lastKnownFileType = sourcecode.swift; path = DailyTableViewCell.swift; sourceTree = "<group>"; };
		97D4E8B82610F7BB00573956 /* HourlyCollectionViewCell.swift */ = {isa = PBXFileReference; lastKnownFileType = sourcecode.swift; path = HourlyCollectionViewCell.swift; sourceTree = "<group>"; };
		E160D13AD994A74845A7D631 /* Pods-WeatherGift.debug.xcconfig */ = {isa = PBXFileReference; includeInIndex = 1; lastKnownFileType = text.xcconfig; name = "Pods-WeatherGift.debug.xcconfig"; path = "Target Support Files/Pods-WeatherGift/Pods-WeatherGift.debug.xcconfig"; sourceTree = "<group>"; };
/* End PBXFileReference section */

/* Begin PBXFrameworksBuildPhase section */
		97B0F3422606737A0056265E /* Frameworks */ = {
			isa = PBXFrameworksBuildPhase;
			buildActionMask = 2147483647;
			files = (
				DCE66759F75CE93049F23AAF /* libPods-WeatherGift.a in Frameworks */,
			);
			runOnlyForDeploymentPostprocessing = 0;
		};
/* End PBXFrameworksBuildPhase section */

/* Begin PBXGroup section */
		97B0F33C2606737A0056265E = {
			isa = PBXGroup;
			children = (
				97B0F3472606737A0056265E /* WeatherGift */,
				97B0F3462606737A0056265E /* Products */,
				DD97D90482201A1B3720ECE2 /* Pods */,
				C1D587A601DB0AD3DBE2401C /* Frameworks */,
			);
			sourceTree = "<group>";
		};
		97B0F3462606737A0056265E /* Products */ = {
			isa = PBXGroup;
			children = (
				97B0F3452606737A0056265E /* WeatherGift.app */,
			);
			name = Products;
			sourceTree = "<group>";
		};
		97B0F3472606737A0056265E /* WeatherGift */ = {
			isa = PBXGroup;
			children = (
				97B0F3482606737A0056265E /* AppDelegate.swift */,
				97B0F34A2606737A0056265E /* SceneDelegate.swift */,
				97B0F35D260673A40056265E /* WeatherLocation.swift */,
				97B6FBA32608F866001015C8 /* WeatherDetail.swift */,
				97B6FB982607D22F001015C8 /* PageViewController.swift */,
				97B6FB942607B268001015C8 /* LocationDetailViewController.swift */,
				97B0F34C2606737A0056265E /* LocationListViewController.swift */,
				97D4E8B52610EC1000573956 /* DailyTableViewCell.swift */,
				97D4E8B82610F7BB00573956 /* HourlyCollectionViewCell.swift */,
				97B0F34E2606737A0056265E /* Main.storyboard */,
				97B0F3512606737B0056265E /* Assets.xcassets */,
				97B0F3532606737B0056265E /* LaunchScreen.storyboard */,
				97B0F3562606737B0056265E /* Info.plist */,
				97B6FB8D26068DF9001015C8 /* APIKeys.swift */,
			);
			path = WeatherGift;
			sourceTree = "<group>";
		};
		C1D587A601DB0AD3DBE2401C /* Frameworks */ = {
			isa = PBXGroup;
			children = (
				3516DCB0A739655A282DD91C /* libPods-WeatherGift.a */,
			);
			name = Frameworks;
			sourceTree = "<group>";
		};
		DD97D90482201A1B3720ECE2 /* Pods */ = {
			isa = PBXGroup;
			children = (
				E160D13AD994A74845A7D631 /* Pods-WeatherGift.debug.xcconfig */,
				2B6BC2CB4AF59E2C606B9887 /* Pods-WeatherGift.release.xcconfig */,
			);
			path = Pods;
			sourceTree = "<group>";
		};
/* End PBXGroup section */

/* Begin PBXNativeTarget section */
		97B0F3442606737A0056265E /* WeatherGift */ = {
			isa = PBXNativeTarget;
			buildConfigurationList = 97B0F3592606737B0056265E /* Build configuration list for PBXNativeTarget "WeatherGift" */;
			buildPhases = (
				70CCB568E14595F721D713E4 /* [CP] Check Pods Manifest.lock */,
				97B0F3412606737A0056265E /* Sources */,
				97B0F3422606737A0056265E /* Frameworks */,
				97B0F3432606737A0056265E /* Resources */,
				BC02A5C7536B00984292EF6C /* [CP] Copy Pods Resources */,
			);
			buildRules = (
			);
			dependencies = (
			);
			name = WeatherGift;
			productName = WeatherGift;
			productReference = 97B0F3452606737A0056265E /* WeatherGift.app */;
			productType = "com.apple.product-type.application";
		};
/* End PBXNativeTarget section */

/* Begin PBXProject section */
		97B0F33D2606737A0056265E /* Project object */ = {
			isa = PBXProject;
			attributes = {
				LastSwiftUpdateCheck = 1240;
				LastUpgradeCheck = 1240;
				TargetAttributes = {
					97B0F3442606737A0056265E = {
						CreatedOnToolsVersion = 12.4;
					};
				};
			};
			buildConfigurationList = 97B0F3402606737A0056265E /* Build configuration list for PBXProject "WeatherGift" */;
			compatibilityVersion = "Xcode 9.3";
			developmentRegion = en;
			hasScannedForEncodings = 0;
			knownRegions = (
				en,
				Base,
			);
			mainGroup = 97B0F33C2606737A0056265E;
			productRefGroup = 97B0F3462606737A0056265E /* Products */;
			projectDirPath = "";
			projectRoot = "";
			targets = (
				97B0F3442606737A0056265E /* WeatherGift */,
			);
		};
/* End PBXProject section */

/* Begin PBXResourcesBuildPhase section */
		97B0F3432606737A0056265E /* Resources */ = {
			isa = PBXResourcesBuildPhase;
			buildActionMask = 2147483647;
			files = (
				97B0F3552606737B0056265E /* LaunchScreen.storyboard in Resources */,
				97B0F3522606737B0056265E /* Assets.xcassets in Resources */,
				97B0F3502606737A0056265E /* Main.storyboard in Resources */,
			);
			runOnlyForDeploymentPostprocessing = 0;
		};
/* End PBXResourcesBuildPhase section */

/* Begin PBXShellScriptBuildPhase section */
		70CCB568E14595F721D713E4 /* [CP] Check Pods Manifest.lock */ = {
			isa = PBXShellScriptBuildPhase;
			buildActionMask = 2147483647;
			files = (
			);
			inputFileListPaths = (
			);
			inputPaths = (
				"${PODS_PODFILE_DIR_PATH}/Podfile.lock",
				"${PODS_ROOT}/Manifest.lock",
			);
			name = "[CP] Check Pods Manifest.lock";
			outputFileListPaths = (
			);
			outputPaths = (
				"$(DERIVED_FILE_DIR)/Pods-WeatherGift-checkManifestLockResult.txt",
			);
			runOnlyForDeploymentPostprocessing = 0;
			shellPath = /bin/sh;
			shellScript = "diff \"${PODS_PODFILE_DIR_PATH}/Podfile.lock\" \"${PODS_ROOT}/Manifest.lock\" > /dev/null\nif [ $? != 0 ] ; then\n    # print error to STDERR\n    echo \"error: The sandbox is not in sync with the Podfile.lock. Run 'pod install' or update your CocoaPods installation.\" >&2\n    exit 1\nfi\n# This output is used by Xcode 'outputs' to avoid re-running this script phase.\necho \"SUCCESS\" > \"${SCRIPT_OUTPUT_FILE_0}\"\n";
			showEnvVarsInLog = 0;
		};
		BC02A5C7536B00984292EF6C /* [CP] Copy Pods Resources */ = {
			isa = PBXShellScriptBuildPhase;
			buildActionMask = 2147483647;
			files = (
			);
			inputFileListPaths = (
				"${PODS_ROOT}/Target Support Files/Pods-WeatherGift/Pods-WeatherGift-resources-${CONFIGURATION}-input-files.xcfilelist",
			);
			name = "[CP] Copy Pods Resources";
			outputFileListPaths = (
				"${PODS_ROOT}/Target Support Files/Pods-WeatherGift/Pods-WeatherGift-resources-${CONFIGURATION}-output-files.xcfilelist",
			);
			runOnlyForDeploymentPostprocessing = 0;
			shellPath = /bin/sh;
			shellScript = "\"${PODS_ROOT}/Target Support Files/Pods-WeatherGift/Pods-WeatherGift-resources.sh\"\n";
			showEnvVarsInLog = 0;
		};
/* End PBXShellScriptBuildPhase section */

/* Begin PBXSourcesBuildPhase section */
		97B0F3412606737A0056265E /* Sources */ = {
			isa = PBXSourcesBuildPhase;
			buildActionMask = 2147483647;
			files = (
				97D4E8B62610EC1000573956 /* DailyTableViewCell.swift in Sources */,
				97B0F34D2606737A0056265E /* LocationListViewController.swift in Sources */,
				97B6FBA42608F866001015C8 /* WeatherDetail.swift in Sources */,
				97B6FB992607D22F001015C8 /* PageViewController.swift in Sources */,
				97B6FB8E26068DF9001015C8 /* APIKeys.swift in Sources */,
				97B0F35E260673A40056265E /* WeatherLocation.swift in Sources */,
				97B0F3492606737A0056265E /* AppDelegate.swift in Sources */,
				97B6FB952607B268001015C8 /* LocationDetailViewController.swift in Sources */,
				97B0F34B2606737A0056265E /* SceneDelegate.swift in Sources */,
				97D4E8B92610F7BB00573956 /* HourlyCollectionViewCell.swift in Sources */,
			);
			runOnlyForDeploymentPostprocessing = 0;
		};
/* End PBXSourcesBuildPhase section */

/* Begin PBXVariantGroup section */
		97B0F34E2606737A0056265E /* Main.storyboard */ = {
			isa = PBXVariantGroup;
			children = (
				97B0F34F2606737A0056265E /* Base */,
			);
			name = Main.storyboard;
			sourceTree = "<group>";
		};
		97B0F3532606737B0056265E /* LaunchScreen.storyboard */ = {
			isa = PBXVariantGroup;
			children = (
				97B0F3542606737B0056265E /* Base */,
			);
			name = LaunchScreen.storyboard;
			sourceTree = "<group>";
		};
/* End PBXVariantGroup section */

/* Begin XCBuildConfiguration section */
		97B0F3572606737B0056265E /* Debug */ = {
			isa = XCBuildConfiguration;
			buildSettings = {
				ALWAYS_SEARCH_USER_PATHS = NO;
				CLANG_ANALYZER_NONNULL = YES;
				CLANG_ANALYZER_NUMBER_OBJECT_CONVERSION = YES_AGGRESSIVE;
				CLANG_CXX_LANGUAGE_STANDARD = "gnu++14";
				CLANG_CXX_LIBRARY = "libc++";
				CLANG_ENABLE_MODULES = YES;
				CLANG_ENABLE_OBJC_ARC = YES;
				CLANG_ENABLE_OBJC_WEAK = YES;
				CLANG_WARN_BLOCK_CAPTURE_AUTORELEASING = YES;
				CLANG_WARN_BOOL_CONVERSION = YES;
				CLANG_WARN_COMMA = YES;
				CLANG_WARN_CONSTANT_CONVERSION = YES;
				CLANG_WARN_DEPRECATED_OBJC_IMPLEMENTATIONS = YES;
				CLANG_WARN_DIRECT_OBJC_ISA_USAGE = YES_ERROR;
				CLANG_WARN_DOCUMENTATION_COMMENTS = YES;
				CLANG_WARN_EMPTY_BODY = YES;
				CLANG_WARN_ENUM_CONVERSION = YES;
				CLANG_WARN_INFINITE_RECURSION = YES;
				CLANG_WARN_INT_CONVERSION = YES;
				CLANG_WARN_NON_LITERAL_NULL_CONVERSION = YES;
				CLANG_WARN_OBJC_IMPLICIT_RETAIN_SELF = YES;
				CLANG_WARN_OBJC_LITERAL_CONVERSION = YES;
				CLANG_WARN_OBJC_ROOT_CLASS = YES_ERROR;
				CLANG_WARN_QUOTED_INCLUDE_IN_FRAMEWORK_HEADER = YES;
				CLANG_WARN_RANGE_LOOP_ANALYSIS = YES;
				CLANG_WARN_STRICT_PROTOTYPES = YES;
				CLANG_WARN_SUSPICIOUS_MOVE = YES;
				CLANG_WARN_UNGUARDED_AVAILABILITY = YES_AGGRESSIVE;
				CLANG_WARN_UNREACHABLE_CODE = YES;
				CLANG_WARN__DUPLICATE_METHOD_MATCH = YES;
				COPY_PHASE_STRIP = NO;
				DEBUG_INFORMATION_FORMAT = dwarf;
				ENABLE_STRICT_OBJC_MSGSEND = YES;
				ENABLE_TESTABILITY = YES;
				GCC_C_LANGUAGE_STANDARD = gnu11;
				GCC_DYNAMIC_NO_PIC = NO;
				GCC_NO_COMMON_BLOCKS = YES;
				GCC_OPTIMIZATION_LEVEL = 0;
				GCC_PREPROCESSOR_DEFINITIONS = (
					"DEBUG=1",
					"$(inherited)",
				);
				GCC_WARN_64_TO_32_BIT_CONVERSION = YES;
				GCC_WARN_ABOUT_RETURN_TYPE = YES_ERROR;
				GCC_WARN_UNDECLARED_SELECTOR = YES;
				GCC_WARN_UNINITIALIZED_AUTOS = YES_AGGRESSIVE;
				GCC_WARN_UNUSED_FUNCTION = YES;
				GCC_WARN_UNUSED_VARIABLE = YES;
				IPHONEOS_DEPLOYMENT_TARGET = 14.4;
				MTL_ENABLE_DEBUG_INFO = INCLUDE_SOURCE;
				MTL_FAST_MATH = YES;
				ONLY_ACTIVE_ARCH = YES;
				SDKROOT = iphoneos;
				SWIFT_ACTIVE_COMPILATION_CONDITIONS = DEBUG;
				SWIFT_OPTIMIZATION_LEVEL = "-Onone";
			};
			name = Debug;
		};
		97B0F3582606737B0056265E /* Release */ = {
			isa = XCBuildConfiguration;
			buildSettings = {
				ALWAYS_SEARCH_USER_PATHS = NO;
				CLANG_ANALYZER_NONNULL = YES;
				CLANG_ANALYZER_NUMBER_OBJECT_CONVERSION = YES_AGGRESSIVE;
				CLANG_CXX_LANGUAGE_STANDARD = "gnu++14";
				CLANG_CXX_LIBRARY = "libc++";
				CLANG_ENABLE_MODULES = YES;
				CLANG_ENABLE_OBJC_ARC = YES;
				CLANG_ENABLE_OBJC_WEAK = YES;
				CLANG_WARN_BLOCK_CAPTURE_AUTORELEASING = YES;
				CLANG_WARN_BOOL_CONVERSION = YES;
				CLANG_WARN_COMMA = YES;
				CLANG_WARN_CONSTANT_CONVERSION = YES;
				CLANG_WARN_DEPRECATED_OBJC_IMPLEMENTATIONS = YES;
				CLANG_WARN_DIRECT_OBJC_ISA_USAGE = YES_ERROR;
				CLANG_WARN_DOCUMENTATION_COMMENTS = YES;
				CLANG_WARN_EMPTY_BODY = YES;
				CLANG_WARN_ENUM_CONVERSION = YES;
				CLANG_WARN_INFINITE_RECURSION = YES;
				CLANG_WARN_INT_CONVERSION = YES;
				CLANG_WARN_NON_LITERAL_NULL_CONVERSION = YES;
				CLANG_WARN_OBJC_IMPLICIT_RETAIN_SELF = YES;
				CLANG_WARN_OBJC_LITERAL_CONVERSION = YES;
				CLANG_WARN_OBJC_ROOT_CLASS = YES_ERROR;
				CLANG_WARN_QUOTED_INCLUDE_IN_FRAMEWORK_HEADER = YES;
				CLANG_WARN_RANGE_LOOP_ANALYSIS = YES;
				CLANG_WARN_STRICT_PROTOTYPES = YES;
				CLANG_WARN_SUSPICIOUS_MOVE = YES;
				CLANG_WARN_UNGUARDED_AVAILABILITY = YES_AGGRESSIVE;
				CLANG_WARN_UNREACHABLE_CODE = YES;
				CLANG_WARN__DUPLICATE_METHOD_MATCH = YES;
				COPY_PHASE_STRIP = NO;
				DEBUG_INFORMATION_FORMAT = "dwarf-with-dsym";
				ENABLE_NS_ASSERTIONS = NO;
				ENABLE_STRICT_OBJC_MSGSEND = YES;
				GCC_C_LANGUAGE_STANDARD = gnu11;
				GCC_NO_COMMON_BLOCKS = YES;
				GCC_WARN_64_TO_32_BIT_CONVERSION = YES;
				GCC_WARN_ABOUT_RETURN_TYPE = YES_ERROR;
				GCC_WARN_UNDECLARED_SELECTOR = YES;
				GCC_WARN_UNINITIALIZED_AUTOS = YES_AGGRESSIVE;
				GCC_WARN_UNUSED_FUNCTION = YES;
				GCC_WARN_UNUSED_VARIABLE = YES;
				IPHONEOS_DEPLOYMENT_TARGET = 14.4;
				MTL_ENABLE_DEBUG_INFO = NO;
				MTL_FAST_MATH = YES;
				SDKROOT = iphoneos;
				SWIFT_COMPILATION_MODE = wholemodule;
				SWIFT_OPTIMIZATION_LEVEL = "-O";
				VALIDATE_PRODUCT = YES;
			};
			name = Release;
		};
		97B0F35A2606737B0056265E /* Debug */ = {
			isa = XCBuildConfiguration;
			baseConfigurationReference = E160D13AD994A74845A7D631 /* Pods-WeatherGift.debug.xcconfig */;
			buildSettings = {
				ASSETCATALOG_COMPILER_APPICON_NAME = AppIcon;
				ASSETCATALOG_COMPILER_GLOBAL_ACCENT_COLOR_NAME = AccentColor;
				CODE_SIGN_STYLE = Automatic;
				DEVELOPMENT_TEAM = A746TSXZWD;
				INFOPLIST_FILE = WeatherGift/Info.plist;
				LD_RUNPATH_SEARCH_PATHS = (
					"$(inherited)",
					"@executable_path/Frameworks",
				);
				PRODUCT_BUNDLE_IDENTIFIER = com.zheng.WeatherGift;
				PRODUCT_NAME = "$(TARGET_NAME)";
				SWIFT_VERSION = 5.0;
				TARGETED_DEVICE_FAMILY = "1,2";
			};
			name = Debug;
		};
		97B0F35B2606737B0056265E /* Release */ = {
			isa = XCBuildConfiguration;
			baseConfigurationReference = 2B6BC2CB4AF59E2C606B9887 /* Pods-WeatherGift.release.xcconfig */;
			buildSettings = {
				ASSETCATALOG_COMPILER_APPICON_NAME = AppIcon;
				ASSETCATALOG_COMPILER_GLOBAL_ACCENT_COLOR_NAME = AccentColor;
				CODE_SIGN_STYLE = Automatic;
				DEVELOPMENT_TEAM = A746TSXZWD;
				INFOPLIST_FILE = WeatherGift/Info.plist;
				LD_RUNPATH_SEARCH_PATHS = (
					"$(inherited)",
					"@executable_path/Frameworks",
				);
				PRODUCT_BUNDLE_IDENTIFIER = com.zheng.WeatherGift;
				PRODUCT_NAME = "$(TARGET_NAME)";
				SWIFT_VERSION = 5.0;
				TARGETED_DEVICE_FAMILY = "1,2";
			};
			name = Release;
		};
/* End XCBuildConfiguration section */

/* Begin XCConfigurationList section */
		97B0F3402606737A0056265E /* Build configuration list for PBXProject "WeatherGift" */ = {
			isa = XCConfigurationList;
			buildConfigurations = (
				97B0F3572606737B0056265E /* Debug */,
				97B0F3582606737B0056265E /* Release */,
			);
			defaultConfigurationIsVisible = 0;
			defaultConfigurationName = Release;
		};
		97B0F3592606737B0056265E /* Build configuration list for PBXNativeTarget "WeatherGift" */ = {
			isa = XCConfigurationList;
			buildConfigurations = (
				97B0F35A2606737B0056265E /* Debug */,
				97B0F35B2606737B0056265E /* Release */,
			);
			defaultConfigurationIsVisible = 0;
			defaultConfigurationName = Release;
		};
/* End XCConfigurationList section */
	};
	rootObject = 97B0F33D2606737A0056265E /* Project object */;
}
